
Microsoft Visual Studio Solution File, Format Version 12.00
Project("{FAE04EC0-301F-11D3-BF4B-00C04F79EFBC}") = "BulkInsert.API", "BulkInsert.API\BulkInsert.API.csproj", "{B3DD0244-C147-4007-9DA8-4B124D0AEED0}"
EndProject
Project("{FAE04EC0-301F-11D3-BF4B-00C04F79EFBC}") = "BulkInsert.Infrastructure", "BulkInsert.Infrastructure\BulkInsert.Infrastructure.csproj", "{18A4280F-34AE-4CF5-AD4D-B28225725F9A}"
EndProject
Project("{FAE04EC0-301F-11D3-BF4B-00C04F79EFBC}") = "BulkInsert.Core", "BulkInsert.Core\BulkInsert.Core.csproj", "{5B48A254-4412-4EEE-B3B9-C29C4B1BB75A}"
EndProject
Global
	GlobalSection(SolutionConfigurationPlatforms) = preSolution
		Debug|Any CPU = Debug|Any CPU
		Release|Any CPU = Release|Any CPU
	EndGlobalSection
	GlobalSection(ProjectConfigurationPlatforms) = postSolution
		{B3DD0244-C147-4007-9DA8-4B124D0AEED0}.Debug|Any CPU.ActiveCfg = Debug|Any CPU
		{B3DD0244-C147-4007-9DA8-4B124D0AEED0}.Debug|Any CPU.Build.0 = Debug|Any CPU
		{B3DD0244-C147-4007-9DA8-4B124D0AEED0}.Release|Any CPU.ActiveCfg = Release|Any CPU
		{B3DD0244-C147-4007-9DA8-4B124D0AEED0}.Release|Any CPU.Build.0 = Release|Any CPU
		{18A4280F-34AE-4CF5-AD4D-B28225725F9A}.Debug|Any CPU.ActiveCfg = Debug|Any CPU
		{18A4280F-34AE-4CF5-AD4D-B28225725F9A}.Debug|Any CPU.Build.0 = Debug|Any CPU
		{18A4280F-34AE-4CF5-AD4D-B28225725F9A}.Release|Any CPU.ActiveCfg = Release|Any CPU
		{18A4280F-34AE-4CF5-AD4D-B28225725F9A}.Release|Any CPU.Build.0 = Release|Any CPU
		{5B48A254-4412-4EEE-B3B9-C29C4B1BB75A}.Debug|Any CPU.ActiveCfg = Debug|Any CPU
		{5B48A254-4412-4EEE-B3B9-C29C4B1BB75A}.Debug|Any CPU.Build.0 = Debug|Any CPU
		{5B48A254-4412-4EEE-B3B9-C29C4B1BB75A}.Release|Any CPU.ActiveCfg = Release|Any CPU
		{5B48A254-4412-4EEE-B3B9-C29C4B1BB75A}.Release|Any CPU.Build.0 = Release|Any CPU
	EndGlobalSection
EndGlobal
